
Microsoft Visual Studio Solution File, Format Version 12.00
# Visual Studio Version 17
VisualStudioVersion = 17.0.31912.275
MinimumVisualStudioVersion = 10.0.40219.1
Project("{FAE04EC0-301F-11D3-BF4B-00C04F79EFBC}") = "BlazorApp1", "BlazorApp1\BlazorApp1.csproj", "{70EEF66D-C02B-4308-84AA-885458357788}"
EndProject
Global
	GlobalSection(SolutionConfigurationPlatforms) = preSolution
		Debug|Any CPU = Debug|Any CPU
		Release|Any CPU = Release|Any CPU
	EndGlobalSection
	GlobalSection(ProjectConfigurationPlatforms) = postSolution
		{70EEF66D-C02B-4308-84AA-885458357788}.Debug|Any CPU.ActiveCfg = Debug|Any CPU
		{70EEF66D-C02B-4308-84AA-885458357788}.Debug|Any CPU.Build.0 = Debug|Any CPU
		{70EEF66D-C02B-4308-84AA-885458357788}.Release|Any CPU.ActiveCfg = Release|Any CPU
		{70EEF66D-C02B-4308-84AA-885458357788}.Release|Any CPU.Build.0 = Release|Any CPU
	EndGlobalSection
	GlobalSection(SolutionProperties) = preSolution
		HideSolutionNode = FALSE
	EndGlobalSection
	GlobalSection(ExtensibilityGlobals) = postSolution
		SolutionGuid = {C64F37C5-6B10-45A2-9079-290F2968AD48}
	EndGlobalSection
EndGlobal
